
Microsoft Visual Studio Solution File, Format Version 12.00
# Visual Studio 15
VisualStudioVersion = 15.0.27130.2027
MinimumVisualStudioVersion = 10.0.40219.1
Project("{FAE04EC0-301F-11D3-BF4B-00C04F79EFBC}") = "NetCoreExample", "NetCoreExample\NetCoreExample.csproj", "{8DED5E6A-1744-45B6-878F-FF38CA4ABF18}"
EndProject
Project("{2150E333-8FDC-42A3-9474-1A3956D46DE8}") = "Business", "Business", "{23D62B66-1D02-432C-BE28-9594DCD65F29}"
EndProject
Project("{2150E333-8FDC-42A3-9474-1A3956D46DE8}") = "Data", "Data", "{EA8B792A-32E5-4268-B11F-D52D83A2FDD3}"
EndProject
Project("{FAE04EC0-301F-11D3-BF4B-00C04F79EFBC}") = "NetCoreExample.Business", "NetCoreExample.Business\NetCoreExample.Business.csproj", "{FC21D63C-D55B-4DC8-9209-B1F6DC7225B8}"
EndProject
Project("{FAE04EC0-301F-11D3-BF4B-00C04F79EFBC}") = "NetCoreExample.Data", "NetCoreExample.Data\NetCoreExample.Data.csproj", "{317871A5-BC38-452A-A446-FF82D6C4D48D}"
EndProject
Project("{FAE04EC0-301F-11D3-BF4B-00C04F79EFBC}") = "NetCoreExample.Business.Contracts", "NetCoreExample.Business.Contracts\NetCoreExample.Business.Contracts.csproj", "{2760245C-1478-4D12-BDF9-001B930E710F}"
EndProject
Project("{FAE04EC0-301F-11D3-BF4B-00C04F79EFBC}") = "NetCoreExample.Data.Contracts", "NetCoreExample.Data.Contracts\NetCoreExample.Data.Contracts.csproj", "{82DE8877-FDC6-437B-ACC5-209B1281729D}"
EndProject
Global
	GlobalSection(SolutionConfigurationPlatforms) = preSolution
		Debug|Any CPU = Debug|Any CPU
		Release|Any CPU = Release|Any CPU
	EndGlobalSection
	GlobalSection(ProjectConfigurationPlatforms) = postSolution
		{8DED5E6A-1744-45B6-878F-FF38CA4ABF18}.Debug|Any CPU.ActiveCfg = Debug|Any CPU
		{8DED5E6A-1744-45B6-878F-FF38CA4ABF18}.Debug|Any CPU.Build.0 = Debug|Any CPU
		{8DED5E6A-1744-45B6-878F-FF38CA4ABF18}.Release|Any CPU.ActiveCfg = Release|Any CPU
		{8DED5E6A-1744-45B6-878F-FF38CA4ABF18}.Release|Any CPU.Build.0 = Release|Any CPU
		{FC21D63C-D55B-4DC8-9209-B1F6DC7225B8}.Debug|Any CPU.ActiveCfg = Debug|Any CPU
		{FC21D63C-D55B-4DC8-9209-B1F6DC7225B8}.Debug|Any CPU.Build.0 = Debug|Any CPU
		{FC21D63C-D55B-4DC8-9209-B1F6DC7225B8}.Release|Any CPU.ActiveCfg = Release|Any CPU
		{FC21D63C-D55B-4DC8-9209-B1F6DC7225B8}.Release|Any CPU.Build.0 = Release|Any CPU
		{317871A5-BC38-452A-A446-FF82D6C4D48D}.Debug|Any CPU.ActiveCfg = Debug|Any CPU
		{317871A5-BC38-452A-A446-FF82D6C4D48D}.Debug|Any CPU.Build.0 = Debug|Any CPU
		{317871A5-BC38-452A-A446-FF82D6C4D48D}.Release|Any CPU.ActiveCfg = Release|Any CPU
		{317871A5-BC38-452A-A446-FF82D6C4D48D}.Release|Any CPU.Build.0 = Release|Any CPU
		{2760245C-1478-4D12-BDF9-001B930E710F}.Debug|Any CPU.ActiveCfg = Debug|Any CPU
		{2760245C-1478-4D12-BDF9-001B930E710F}.Debug|Any CPU.Build.0 = Debug|Any CPU
		{2760245C-1478-4D12-BDF9-001B930E710F}.Release|Any CPU.ActiveCfg = Release|Any CPU
		{2760245C-1478-4D12-BDF9-001B930E710F}.Release|Any CPU.Build.0 = Release|Any CPU
		{82DE8877-FDC6-437B-ACC5-209B1281729D}.Debug|Any CPU.ActiveCfg = Debug|Any CPU
		{82DE8877-FDC6-437B-ACC5-209B1281729D}.Debug|Any CPU.Build.0 = Debug|Any CPU
		{82DE8877-FDC6-437B-ACC5-209B1281729D}.Release|Any CPU.ActiveCfg = Release|Any CPU
		{82DE8877-FDC6-437B-ACC5-209B1281729D}.Release|Any CPU.Build.0 = Release|Any CPU
	EndGlobalSection
	GlobalSection(SolutionProperties) = preSolution
		HideSolutionNode = FALSE
	EndGlobalSection
	GlobalSection(NestedProjects) = preSolution
		{FC21D63C-D55B-4DC8-9209-B1F6DC7225B8} = {23D62B66-1D02-432C-BE28-9594DCD65F29}
		{317871A5-BC38-452A-A446-FF82D6C4D48D} = {EA8B792A-32E5-4268-B11F-D52D83A2FDD3}
		{2760245C-1478-4D12-BDF9-001B930E710F} = {23D62B66-1D02-432C-BE28-9594DCD65F29}
		{82DE8877-FDC6-437B-ACC5-209B1281729D} = {EA8B792A-32E5-4268-B11F-D52D83A2FDD3}
	EndGlobalSection
	GlobalSection(ExtensibilityGlobals) = postSolution
		SolutionGuid = {29B15EC6-1CD0-4C9C-8B75-312558B3D246}
	EndGlobalSection
EndGlobal
